
Microsoft Visual Studio Solution File, Format Version 12.00
# Visual Studio Version 16
VisualStudioVersion = 16.0.30717.126
MinimumVisualStudioVersion = 10.0.40219.1
Project("{FAE04EC0-301F-11D3-BF4B-00C04F79EFBC}") = "Ferencz_Levente_Lab8", "Ferencz_Levente_Lab8.csproj", "{81B7014F-3AED-4A62-BE65-E74789678B19}"
EndProject
Global
	GlobalSection(SolutionConfigurationPlatforms) = preSolution
		Debug|Any CPU = Debug|Any CPU
		Release|Any CPU = Release|Any CPU
	EndGlobalSection
	GlobalSection(ProjectConfigurationPlatforms) = postSolution
		{81B7014F-3AED-4A62-BE65-E74789678B19}.Debug|Any CPU.ActiveCfg = Debug|Any CPU
		{81B7014F-3AED-4A62-BE65-E74789678B19}.Debug|Any CPU.Build.0 = Debug|Any CPU
		{81B7014F-3AED-4A62-BE65-E74789678B19}.Release|Any CPU.ActiveCfg = Release|Any CPU
		{81B7014F-3AED-4A62-BE65-E74789678B19}.Release|Any CPU.Build.0 = Release|Any CPU
	EndGlobalSection
	GlobalSection(SolutionProperties) = preSolution
		HideSolutionNode = FALSE
	EndGlobalSection
	GlobalSection(ExtensibilityGlobals) = postSolution
		SolutionGuid = {EABB8B75-8E55-4F98-BDE4-FFB87D03CEDF}
	EndGlobalSection
EndGlobal
